
Microsoft Visual Studio Solution File, Format Version 12.00
# Visual Studio Version 17
VisualStudioVersion = 17.2.32630.192
MinimumVisualStudioVersion = 10.0.40219.1
Project("{FAE04EC0-301F-11D3-BF4B-00C04F79EFBC}") = "DzCartGame", "DzCartGame\DzCartGame.csproj", "{DB11528B-16C8-4DB6-9B7B-911292951C87}"
EndProject
Global
	GlobalSection(SolutionConfigurationPlatforms) = preSolution
		Debug|Any CPU = Debug|Any CPU
		Release|Any CPU = Release|Any CPU
	EndGlobalSection
	GlobalSection(ProjectConfigurationPlatforms) = postSolution
		{DB11528B-16C8-4DB6-9B7B-911292951C87}.Debug|Any CPU.ActiveCfg = Debug|Any CPU
		{DB11528B-16C8-4DB6-9B7B-911292951C87}.Debug|Any CPU.Build.0 = Debug|Any CPU
		{DB11528B-16C8-4DB6-9B7B-911292951C87}.Release|Any CPU.ActiveCfg = Release|Any CPU
		{DB11528B-16C8-4DB6-9B7B-911292951C87}.Release|Any CPU.Build.0 = Release|Any CPU
	EndGlobalSection
	GlobalSection(SolutionProperties) = preSolution
		HideSolutionNode = FALSE
	EndGlobalSection
	GlobalSection(ExtensibilityGlobals) = postSolution
		SolutionGuid = {4E9336CD-15FA-4E0B-BF1D-0395B15DD53F}
	EndGlobalSection
EndGlobal
